
Microsoft Visual Studio Solution File, Format Version 12.00
# Visual Studio Version 16
VisualStudioVersion = 25.0.1705.2
MinimumVisualStudioVersion = 10.0.40219.1
Project("{FAE04EC0-301F-11D3-BF4B-00C04F79EFBC}") = "Digger", "Digger.csproj", "{610D5A45-09EB-4839-B6E5-D8601DB31897}"
EndProject
Global
	GlobalSection(SolutionConfigurationPlatforms) = preSolution
		Debug|Any CPU = Debug|Any CPU
		Release|Any CPU = Release|Any CPU
		Debug|x86 = Debug|x86
		Release|x86 = Release|x86
		Release1|x86 = Release1|x86
	EndGlobalSection
	GlobalSection(ProjectConfigurationPlatforms) = postSolution
		{610D5A45-09EB-4839-B6E5-D8601DB31897}.Debug|Any CPU.ActiveCfg = Debug|x86
		{610D5A45-09EB-4839-B6E5-D8601DB31897}.Debug|Any CPU.Build.0 = Debug|x86
		{610D5A45-09EB-4839-B6E5-D8601DB31897}.Release|Any CPU.ActiveCfg = Release|Any CPU
		{610D5A45-09EB-4839-B6E5-D8601DB31897}.Release|Any CPU.Build.0 = Release|Any CPU
		{610D5A45-09EB-4839-B6E5-D8601DB31897}.Debug|x86.ActiveCfg = Debug|x86
		{610D5A45-09EB-4839-B6E5-D8601DB31897}.Debug|x86.Build.0 = Debug|x86
		{610D5A45-09EB-4839-B6E5-D8601DB31897}.Release1|x86.ActiveCfg = Release1|x86
		{610D5A45-09EB-4839-B6E5-D8601DB31897}.Release1|x86.Build.0 = Release1|x86
	EndGlobalSection
	GlobalSection(SolutionProperties) = preSolution
		HideSolutionNode = FALSE
	EndGlobalSection
	GlobalSection(ExtensibilityGlobals) = postSolution
		SolutionGuid = {26431011-656F-4182-9DC0-403781A1E68C}
	EndGlobalSection
EndGlobal
